// !$*UTF8*$!
{
	archiveVersion = 1;
	classes = {
	};
	objectVersion = 51;
	objects = {

/* Begin PBXBuildFile section */
		D70BA56823D7C4DE0023A698 /* AppDelegate.swift in Sources */ = {isa = PBXBuildFile; fileRef = D70BA56723D7C4DE0023A698 /* AppDelegate.swift */; };
		D70BA56A23D7C4DE0023A698 /* SceneDelegate.swift in Sources */ = {isa = PBXBuildFile; fileRef = D70BA56923D7C4DE0023A698 /* SceneDelegate.swift */; };
		D70BA56C23D7C4DE0023A698 /* LoginViewController.swift in Sources */ = {isa = PBXBuildFile; fileRef = D70BA56B23D7C4DE0023A698 /* LoginViewController.swift */; };
		D70BA57123D7C4E20023A698 /* Assets.xcassets in Resources */ = {isa = PBXBuildFile; fileRef = D70BA57023D7C4E20023A698 /* Assets.xcassets */; };
		D70BA57423D7C4E20023A698 /* LaunchScreen.storyboard in Resources */ = {isa = PBXBuildFile; fileRef = D70BA57223D7C4E20023A698 /* LaunchScreen.storyboard */; };
		D70BA57F23D7C4E20023A698 /* FlicksTests.swift in Sources */ = {isa = PBXBuildFile; fileRef = D70BA57E23D7C4E20023A698 /* FlicksTests.swift */; };
		D70BA58A23D857690023A698 /* PhotosCatalogViewController.swift in Sources */ = {isa = PBXBuildFile; fileRef = D70BA58923D857690023A698 /* PhotosCatalogViewController.swift */; };
		D70BA58C23D8D86C0023A698 /* Photo.swift in Sources */ = {isa = PBXBuildFile; fileRef = D70BA58B23D8D86C0023A698 /* Photo.swift */; };
		D70BA58E23D8D87B0023A698 /* PhotoCell.swift in Sources */ = {isa = PBXBuildFile; fileRef = D70BA58D23D8D87B0023A698 /* PhotoCell.swift */; };
		D70BA59023D8D8870023A698 /* PhotosCatalogViewModel.swift in Sources */ = {isa = PBXBuildFile; fileRef = D70BA58F23D8D8870023A698 /* PhotosCatalogViewModel.swift */; };
		D70BA59223D8D9080023A698 /* PhotoViewController.swift in Sources */ = {isa = PBXBuildFile; fileRef = D70BA59123D8D9080023A698 /* PhotoViewController.swift */; };
		D70BA59423D8F2EF0023A698 /* RootCoordinator.swift in Sources */ = {isa = PBXBuildFile; fileRef = D70BA59323D8F2EF0023A698 /* RootCoordinator.swift */; };
		D70BA59623D8FFCA0023A698 /* PhotosCatalogCoordinator.swift in Sources */ = {isa = PBXBuildFile; fileRef = D70BA59523D8FFCA0023A698 /* PhotosCatalogCoordinator.swift */; };
		D70BA59823D8FFE50023A698 /* PhotosCatalogNavCoordinator.swift in Sources */ = {isa = PBXBuildFile; fileRef = D70BA59723D8FFE50023A698 /* PhotosCatalogNavCoordinator.swift */; };
		D70BA59A23D902670023A698 /* PhotosCatalogDataProvider.swift in Sources */ = {isa = PBXBuildFile; fileRef = D70BA59923D902670023A698 /* PhotosCatalogDataProvider.swift */; };
		D70BA59C23D9027F0023A698 /* PhotoLocalStore.swift in Sources */ = {isa = PBXBuildFile; fileRef = D70BA59B23D9027F0023A698 /* PhotoLocalStore.swift */; };
		D70BA59E23D902910023A698 /* PhotoRealmDB.swift in Sources */ = {isa = PBXBuildFile; fileRef = D70BA59D23D902910023A698 /* PhotoRealmDB.swift */; };
		D70BA5A023D902B00023A698 /* PhotoRemoteStore.swift in Sources */ = {isa = PBXBuildFile; fileRef = D70BA59F23D902B00023A698 /* PhotoRemoteStore.swift */; };
		D70BA5A223D902BA0023A698 /* UnsplashAPI.swift in Sources */ = {isa = PBXBuildFile; fileRef = D70BA5A123D902BA0023A698 /* UnsplashAPI.swift */; };
		D70BA5A423D902DD0023A698 /* User.swift in Sources */ = {isa = PBXBuildFile; fileRef = D70BA5A323D902DD0023A698 /* User.swift */; };
		D70BA5A923D905880023A698 /* RealmSwift.framework in Frameworks */ = {isa = PBXBuildFile; fileRef = D70BA5A623D905880023A698 /* RealmSwift.framework */; };
		D70BA5AB23D905880023A698 /* Realm.framework in Frameworks */ = {isa = PBXBuildFile; fileRef = D70BA5A723D905880023A698 /* Realm.framework */; };
		D70BA5AD23D905880023A698 /* RxSwift.framework in Frameworks */ = {isa = PBXBuildFile; fileRef = D70BA5A823D905880023A698 /* RxSwift.framework */; };
		D70BA5B223D909090023A698 /* RxCocoa.framework in Frameworks */ = {isa = PBXBuildFile; fileRef = D70BA5B123D909090023A698 /* RxCocoa.framework */; };
		D76CC87B23DA460400E275C8 /* RxSwift.framework in Frameworks */ = {isa = PBXBuildFile; fileRef = D70BA5A823D905880023A698 /* RxSwift.framework */; };
		D76CC87D23DA532B00E275C8 /* LoginViewModel.swift in Sources */ = {isa = PBXBuildFile; fileRef = D76CC87C23DA532B00E275C8 /* LoginViewModel.swift */; };
		D76CC87F23DA64EE00E275C8 /* URLImageView.swift in Sources */ = {isa = PBXBuildFile; fileRef = D76CC87E23DA64EE00E275C8 /* URLImageView.swift */; };
		D76CC88123DA682600E275C8 /* LoginNavCoordinator.swift in Sources */ = {isa = PBXBuildFile; fileRef = D76CC88023DA682600E275C8 /* LoginNavCoordinator.swift */; };
/* End PBXBuildFile section */

/* Begin PBXContainerItemProxy section */
		D70BA57B23D7C4E20023A698 /* PBXContainerItemProxy */ = {
			isa = PBXContainerItemProxy;
			containerPortal = D70BA55C23D7C4DE0023A698 /* Project object */;
			proxyType = 1;
			remoteGlobalIDString = D70BA56323D7C4DE0023A698;
			remoteInfo = Flicks;
		};
/* End PBXContainerItemProxy section */

/* Begin PBXFileReference section */
		D70BA56423D7C4DE0023A698 /* Flicks.app */ = {isa = PBXFileReference; explicitFileType = wrapper.application; includeInIndex = 0; path = Flicks.app; sourceTree = BUILT_PRODUCTS_DIR; };
		D70BA56723D7C4DE0023A698 /* AppDelegate.swift */ = {isa = PBXFileReference; lastKnownFileType = sourcecode.swift; path = AppDelegate.swift; sourceTree = "<group>"; };
		D70BA56923D7C4DE0023A698 /* SceneDelegate.swift */ = {isa = PBXFileReference; lastKnownFileType = sourcecode.swift; path = SceneDelegate.swift; sourceTree = "<group>"; };
		D70BA56B23D7C4DE0023A698 /* LoginViewController.swift */ = {isa = PBXFileReference; lastKnownFileType = sourcecode.swift; path = LoginViewController.swift; sourceTree = "<group>"; };
		D70BA57023D7C4E20023A698 /* Assets.xcassets */ = {isa = PBXFileReference; lastKnownFileType = folder.assetcatalog; path = Assets.xcassets; sourceTree = "<group>"; };
		D70BA57323D7C4E20023A698 /* Base */ = {isa = PBXFileReference; lastKnownFileType = file.storyboard; name = Base; path = Base.lproj/LaunchScreen.storyboard; sourceTree = "<group>"; };
		D70BA57523D7C4E20023A698 /* Info.plist */ = {isa = PBXFileReference; lastKnownFileType = text.plist.xml; path = Info.plist; sourceTree = "<group>"; };
		D70BA57A23D7C4E20023A698 /* FlicksTests.xctest */ = {isa = PBXFileReference; explicitFileType = wrapper.cfbundle; includeInIndex = 0; path = FlicksTests.xctest; sourceTree = BUILT_PRODUCTS_DIR; };
		D70BA57E23D7C4E20023A698 /* FlicksTests.swift */ = {isa = PBXFileReference; lastKnownFileType = sourcecode.swift; path = FlicksTests.swift; sourceTree = "<group>"; };
		D70BA58023D7C4E20023A698 /* Info.plist */ = {isa = PBXFileReference; lastKnownFileType = text.plist.xml; path = Info.plist; sourceTree = "<group>"; };
		D70BA58923D857690023A698 /* PhotosCatalogViewController.swift */ = {isa = PBXFileReference; lastKnownFileType = sourcecode.swift; path = PhotosCatalogViewController.swift; sourceTree = "<group>"; };
		D70BA58B23D8D86C0023A698 /* Photo.swift */ = {isa = PBXFileReference; lastKnownFileType = sourcecode.swift; path = Photo.swift; sourceTree = "<group>"; };
		D70BA58D23D8D87B0023A698 /* PhotoCell.swift */ = {isa = PBXFileReference; lastKnownFileType = sourcecode.swift; path = PhotoCell.swift; sourceTree = "<group>"; };
		D70BA58F23D8D8870023A698 /* PhotosCatalogViewModel.swift */ = {isa = PBXFileReference; lastKnownFileType = sourcecode.swift; path = PhotosCatalogViewModel.swift; sourceTree = "<group>"; };
		D70BA59123D8D9080023A698 /* PhotoViewController.swift */ = {isa = PBXFileReference; lastKnownFileType = sourcecode.swift; path = PhotoViewController.swift; sourceTree = "<group>"; };
		D70BA59323D8F2EF0023A698 /* RootCoordinator.swift */ = {isa = PBXFileReference; lastKnownFileType = sourcecode.swift; path = RootCoordinator.swift; sourceTree = "<group>"; };
		D70BA59523D8FFCA0023A698 /* PhotosCatalogCoordinator.swift */ = {isa = PBXFileReference; lastKnownFileType = sourcecode.swift; path = PhotosCatalogCoordinator.swift; sourceTree = "<group>"; };
		D70BA59723D8FFE50023A698 /* PhotosCatalogNavCoordinator.swift */ = {isa = PBXFileReference; lastKnownFileType = sourcecode.swift; path = PhotosCatalogNavCoordinator.swift; sourceTree = "<group>"; };
		D70BA59923D902670023A698 /* PhotosCatalogDataProvider.swift */ = {isa = PBXFileReference; lastKnownFileType = sourcecode.swift; path = PhotosCatalogDataProvider.swift; sourceTree = "<group>"; };
		D70BA59B23D9027F0023A698 /* PhotoLocalStore.swift */ = {isa = PBXFileReference; lastKnownFileType = sourcecode.swift; path = PhotoLocalStore.swift; sourceTree = "<group>"; };
		D70BA59D23D902910023A698 /* PhotoRealmDB.swift */ = {isa = PBXFileReference; lastKnownFileType = sourcecode.swift; path = PhotoRealmDB.swift; sourceTree = "<group>"; };
		D70BA59F23D902B00023A698 /* PhotoRemoteStore.swift */ = {isa = PBXFileReference; lastKnownFileType = sourcecode.swift; path = PhotoRemoteStore.swift; sourceTree = "<group>"; };
		D70BA5A123D902BA0023A698 /* UnsplashAPI.swift */ = {isa = PBXFileReference; lastKnownFileType = sourcecode.swift; path = UnsplashAPI.swift; sourceTree = "<group>"; };
		D70BA5A323D902DD0023A698 /* User.swift */ = {isa = PBXFileReference; lastKnownFileType = sourcecode.swift; path = User.swift; sourceTree = "<group>"; };
		D70BA5A623D905880023A698 /* RealmSwift.framework */ = {isa = PBXFileReference; lastKnownFileType = wrapper.framework; name = RealmSwift.framework; path = Carthage/Build/iOS/RealmSwift.framework; sourceTree = "<group>"; };
		D70BA5A723D905880023A698 /* Realm.framework */ = {isa = PBXFileReference; lastKnownFileType = wrapper.framework; name = Realm.framework; path = Carthage/Build/iOS/Realm.framework; sourceTree = "<group>"; };
		D70BA5A823D905880023A698 /* RxSwift.framework */ = {isa = PBXFileReference; lastKnownFileType = wrapper.framework; name = RxSwift.framework; path = Carthage/Build/iOS/RxSwift.framework; sourceTree = "<group>"; };
		D70BA5B123D909090023A698 /* RxCocoa.framework */ = {isa = PBXFileReference; lastKnownFileType = wrapper.framework; name = RxCocoa.framework; path = Carthage/Build/iOS/RxCocoa.framework; sourceTree = "<group>"; };
		D76CC87C23DA532B00E275C8 /* LoginViewModel.swift */ = {isa = PBXFileReference; lastKnownFileType = sourcecode.swift; path = LoginViewModel.swift; sourceTree = "<group>"; };
		D76CC87E23DA64EE00E275C8 /* URLImageView.swift */ = {isa = PBXFileReference; lastKnownFileType = sourcecode.swift; path = URLImageView.swift; sourceTree = "<group>"; };
		D76CC88023DA682600E275C8 /* LoginNavCoordinator.swift */ = {isa = PBXFileReference; lastKnownFileType = sourcecode.swift; path = LoginNavCoordinator.swift; sourceTree = "<group>"; };
/* End PBXFileReference section */

/* Begin PBXFrameworksBuildPhase section */
		D70BA56123D7C4DE0023A698 /* Frameworks */ = {
			isa = PBXFrameworksBuildPhase;
			buildActionMask = 2147483647;
			files = (
				D70BA5B223D909090023A698 /* RxCocoa.framework in Frameworks */,
				D70BA5AB23D905880023A698 /* Realm.framework in Frameworks */,
				D70BA5A923D905880023A698 /* RealmSwift.framework in Frameworks */,
				D70BA5AD23D905880023A698 /* RxSwift.framework in Frameworks */,
			);
			runOnlyForDeploymentPostprocessing = 0;
		};
		D70BA57723D7C4E20023A698 /* Frameworks */ = {
			isa = PBXFrameworksBuildPhase;
			buildActionMask = 2147483647;
			files = (
				D76CC87B23DA460400E275C8 /* RxSwift.framework in Frameworks */,
			);
			runOnlyForDeploymentPostprocessing = 0;
		};
/* End PBXFrameworksBuildPhase section */

/* Begin PBXGroup section */
		D70BA55B23D7C4DE0023A698 = {
			isa = PBXGroup;
			children = (
				D70BA56623D7C4DE0023A698 /* Flicks */,
				D70BA57D23D7C4E20023A698 /* FlicksTests */,
				D70BA56523D7C4DE0023A698 /* Products */,
				D70BA5A523D905880023A698 /* Frameworks */,
			);
			sourceTree = "<group>";
		};
		D70BA56523D7C4DE0023A698 /* Products */ = {
			isa = PBXGroup;
			children = (
				D70BA56423D7C4DE0023A698 /* Flicks.app */,
				D70BA57A23D7C4E20023A698 /* FlicksTests.xctest */,
			);
			name = Products;
			sourceTree = "<group>";
		};
		D70BA56623D7C4DE0023A698 /* Flicks */ = {
			isa = PBXGroup;
			children = (
				D70BA56723D7C4DE0023A698 /* AppDelegate.swift */,
				D70BA56923D7C4DE0023A698 /* SceneDelegate.swift */,
				D70BA59323D8F2EF0023A698 /* RootCoordinator.swift */,
				D76CC88A23DA746F00E275C8 /* Login */,
				D76CC88423DA744000E275C8 /* PhotosCatalog */,
				D76CC88323DA743A00E275C8 /* Stores */,
				D76CC88223DA742800E275C8 /* Helpers */,
				D70BA57023D7C4E20023A698 /* Assets.xcassets */,
				D70BA57223D7C4E20023A698 /* LaunchScreen.storyboard */,
				D70BA57523D7C4E20023A698 /* Info.plist */,
			);
			path = Flicks;
			sourceTree = "<group>";
		};
		D70BA57D23D7C4E20023A698 /* FlicksTests */ = {
			isa = PBXGroup;
			children = (
				D70BA57E23D7C4E20023A698 /* FlicksTests.swift */,
				D70BA58023D7C4E20023A698 /* Info.plist */,
			);
			path = FlicksTests;
			sourceTree = "<group>";
		};
		D70BA5A523D905880023A698 /* Frameworks */ = {
			isa = PBXGroup;
			children = (
				D70BA5B123D909090023A698 /* RxCocoa.framework */,
				D70BA5A723D905880023A698 /* Realm.framework */,
				D70BA5A623D905880023A698 /* RealmSwift.framework */,
				D70BA5A823D905880023A698 /* RxSwift.framework */,
			);
			name = Frameworks;
			sourceTree = "<group>";
		};
		D76CC88223DA742800E275C8 /* Helpers */ = {
			isa = PBXGroup;
			children = (
				D76CC87E23DA64EE00E275C8 /* URLImageView.swift */,
			);
			path = Helpers;
			sourceTree = "<group>";
		};
		D76CC88323DA743A00E275C8 /* Stores */ = {
			isa = PBXGroup;
			children = (
				D70BA59B23D9027F0023A698 /* PhotoLocalStore.swift */,
				D70BA59F23D902B00023A698 /* PhotoRemoteStore.swift */,
				D70BA59D23D902910023A698 /* PhotoRealmDB.swift */,
				D70BA5A123D902BA0023A698 /* UnsplashAPI.swift */,
			);
			path = Stores;
			sourceTree = "<group>";
		};
		D76CC88423DA744000E275C8 /* PhotosCatalog */ = {
			isa = PBXGroup;
			children = (
				D76CC88923DA746700E275C8 /* Models */,
				D76CC88823DA745800E275C8 /* Providers */,
				D76CC88723DA745200E275C8 /* Coordinators */,
				D76CC88623DA744E00E275C8 /* Views */,
				D76CC88523DA744800E275C8 /* ViewModels */,
			);
			path = PhotosCatalog;
			sourceTree = "<group>";
		};
		D76CC88523DA744800E275C8 /* ViewModels */ = {
			isa = PBXGroup;
			children = (
				D70BA58F23D8D8870023A698 /* PhotosCatalogViewModel.swift */,
			);
			path = ViewModels;
			sourceTree = "<group>";
		};
		D76CC88623DA744E00E275C8 /* Views */ = {
			isa = PBXGroup;
			children = (
				D70BA58923D857690023A698 /* PhotosCatalogViewController.swift */,
				D70BA59123D8D9080023A698 /* PhotoViewController.swift */,
				D70BA58D23D8D87B0023A698 /* PhotoCell.swift */,
			);
			path = Views;
			sourceTree = "<group>";
		};
		D76CC88723DA745200E275C8 /* Coordinators */ = {
			isa = PBXGroup;
			children = (
				D70BA59523D8FFCA0023A698 /* PhotosCatalogCoordinator.swift */,
				D70BA59723D8FFE50023A698 /* PhotosCatalogNavCoordinator.swift */,
			);
			path = Coordinators;
			sourceTree = "<group>";
		};
		D76CC88823DA745800E275C8 /* Providers */ = {
			isa = PBXGroup;
			children = (
				D70BA59923D902670023A698 /* PhotosCatalogDataProvider.swift */,
			);
			path = Providers;
			sourceTree = "<group>";
		};
		D76CC88923DA746700E275C8 /* Models */ = {
			isa = PBXGroup;
			children = (
				D70BA58B23D8D86C0023A698 /* Photo.swift */,
			);
			path = Models;
			sourceTree = "<group>";
		};
		D76CC88A23DA746F00E275C8 /* Login */ = {
			isa = PBXGroup;
			children = (
				D70BA5A323D902DD0023A698 /* User.swift */,
				D70BA56B23D7C4DE0023A698 /* LoginViewController.swift */,
				D76CC87C23DA532B00E275C8 /* LoginViewModel.swift */,
				D76CC88023DA682600E275C8 /* LoginNavCoordinator.swift */,
			);
			path = Login;
			sourceTree = "<group>";
		};
/* End PBXGroup section */

/* Begin PBXNativeTarget section */
		D70BA56323D7C4DE0023A698 /* Flicks */ = {
			isa = PBXNativeTarget;
			buildConfigurationList = D70BA58323D7C4E20023A698 /* Build configuration list for PBXNativeTarget "Flicks" */;
			buildPhases = (
				D70BA56023D7C4DE0023A698 /* Sources */,
				D70BA56123D7C4DE0023A698 /* Frameworks */,
				D70BA56223D7C4DE0023A698 /* Resources */,
				D70BA5B023D905E90023A698 /* Carthage */,
			);
			buildRules = (
			);
			dependencies = (
			);
			name = Flicks;
			productName = Flicks;
			productReference = D70BA56423D7C4DE0023A698 /* Flicks.app */;
			productType = "com.apple.product-type.application";
		};
		D70BA57923D7C4E20023A698 /* FlicksTests */ = {
			isa = PBXNativeTarget;
			buildConfigurationList = D70BA58623D7C4E20023A698 /* Build configuration list for PBXNativeTarget "FlicksTests" */;
			buildPhases = (
				D70BA57623D7C4E20023A698 /* Sources */,
				D70BA57723D7C4E20023A698 /* Frameworks */,
				D70BA57823D7C4E20023A698 /* Resources */,
			);
			buildRules = (
			);
			dependencies = (
				D70BA57C23D7C4E20023A698 /* PBXTargetDependency */,
			);
			name = FlicksTests;
			productName = FlicksTests;
			productReference = D70BA57A23D7C4E20023A698 /* FlicksTests.xctest */;
			productType = "com.apple.product-type.bundle.unit-test";
		};
/* End PBXNativeTarget section */

/* Begin PBXProject section */
		D70BA55C23D7C4DE0023A698 /* Project object */ = {
			isa = PBXProject;
			attributes = {
				LastSwiftUpdateCheck = 1130;
				LastUpgradeCheck = 1130;
				ORGANIZATIONNAME = "Ricardo Pereira";
				TargetAttributes = {
					D70BA56323D7C4DE0023A698 = {
						CreatedOnToolsVersion = 11.3;
					};
					D70BA57923D7C4E20023A698 = {
						CreatedOnToolsVersion = 11.3;
						TestTargetID = D70BA56323D7C4DE0023A698;
					};
				};
			};
			buildConfigurationList = D70BA55F23D7C4DE0023A698 /* Build configuration list for PBXProject "Flicks" */;
			compatibilityVersion = "Xcode 9.3";
			developmentRegion = en;
			hasScannedForEncodings = 0;
			knownRegions = (
				en,
				Base,
			);
			mainGroup = D70BA55B23D7C4DE0023A698;
			productRefGroup = D70BA56523D7C4DE0023A698 /* Products */;
			projectDirPath = "";
			projectRoot = "";
			targets = (
				D70BA56323D7C4DE0023A698 /* Flicks */,
				D70BA57923D7C4E20023A698 /* FlicksTests */,
			);
		};
/* End PBXProject section */

/* Begin PBXResourcesBuildPhase section */
		D70BA56223D7C4DE0023A698 /* Resources */ = {
			isa = PBXResourcesBuildPhase;
			buildActionMask = 2147483647;
			files = (
				D70BA57423D7C4E20023A698 /* LaunchScreen.storyboard in Resources */,
				D70BA57123D7C4E20023A698 /* Assets.xcassets in Resources */,
			);
			runOnlyForDeploymentPostprocessing = 0;
		};
		D70BA57823D7C4E20023A698 /* Resources */ = {
			isa = PBXResourcesBuildPhase;
			buildActionMask = 2147483647;
			files = (
			);
			runOnlyForDeploymentPostprocessing = 0;
		};
/* End PBXResourcesBuildPhase section */

/* Begin PBXShellScriptBuildPhase section */
		D70BA5B023D905E90023A698 /* Carthage */ = {
			isa = PBXShellScriptBuildPhase;
			buildActionMask = 2147483647;
			files = (
			);
			inputFileListPaths = (
				"$(SRCROOT)/Carthage/input.xcfilelist",
			);
			inputPaths = (
			);
			name = Carthage;
			outputFileListPaths = (
				"$(SRCROOT)/Carthage/output.xcfilelist",
			);
			outputPaths = (
			);
			runOnlyForDeploymentPostprocessing = 0;
			shellPath = /bin/sh;
			shellScript = "# Type a script or drag a script file from your workspace to insert its path.\n/usr/local/bin/carthage copy-frameworks\n";
		};
/* End PBXShellScriptBuildPhase section */

/* Begin PBXSourcesBuildPhase section */
		D70BA56023D7C4DE0023A698 /* Sources */ = {
			isa = PBXSourcesBuildPhase;
			buildActionMask = 2147483647;
			files = (
				D70BA59023D8D8870023A698 /* PhotosCatalogViewModel.swift in Sources */,
				D70BA59623D8FFCA0023A698 /* PhotosCatalogCoordinator.swift in Sources */,
				D76CC88123DA682600E275C8 /* LoginNavCoordinator.swift in Sources */,
				D70BA59823D8FFE50023A698 /* PhotosCatalogNavCoordinator.swift in Sources */,
				D70BA56C23D7C4DE0023A698 /* LoginViewController.swift in Sources */,
				D70BA5A223D902BA0023A698 /* UnsplashAPI.swift in Sources */,
				D70BA58A23D857690023A698 /* PhotosCatalogViewController.swift in Sources */,
				D70BA56823D7C4DE0023A698 /* AppDelegate.swift in Sources */,
				D70BA5A423D902DD0023A698 /* User.swift in Sources */,
				D76CC87D23DA532B00E275C8 /* LoginViewModel.swift in Sources */,
				D70BA56A23D7C4DE0023A698 /* SceneDelegate.swift in Sources */,
				D70BA59223D8D9080023A698 /* PhotoViewController.swift in Sources */,
				D70BA58E23D8D87B0023A698 /* PhotoCell.swift in Sources */,
				D70BA59E23D902910023A698 /* PhotoRealmDB.swift in Sources */,
				D70BA5A023D902B00023A698 /* PhotoRemoteStore.swift in Sources */,
				D70BA59C23D9027F0023A698 /* PhotoLocalStore.swift in Sources */,
				D70BA59423D8F2EF0023A698 /* RootCoordinator.swift in Sources */,
				D70BA58C23D8D86C0023A698 /* Photo.swift in Sources */,
				D70BA59A23D902670023A698 /* PhotosCatalogDataProvider.swift in Sources */,
				D76CC87F23DA64EE00E275C8 /* URLImageView.swift in Sources */,
			);
			runOnlyForDeploymentPostprocessing = 0;
		};
		D70BA57623D7C4E20023A698 /* Sources */ = {
			isa = PBXSourcesBuildPhase;
			buildActionMask = 2147483647;
			files = (
				D70BA57F23D7C4E20023A698 /* FlicksTests.swift in Sources */,
			);
			runOnlyForDeploymentPostprocessing = 0;
		};
/* End PBXSourcesBuildPhase section */

/* Begin PBXTargetDependency section */
		D70BA57C23D7C4E20023A698 /* PBXTargetDependency */ = {
			isa = PBXTargetDependency;
			target = D70BA56323D7C4DE0023A698 /* Flicks */;
			targetProxy = D70BA57B23D7C4E20023A698 /* PBXContainerItemProxy */;
		};
/* End PBXTargetDependency section */

/* Begin PBXVariantGroup section */
		D70BA57223D7C4E20023A698 /* LaunchScreen.storyboard */ = {
			isa = PBXVariantGroup;
			children = (
				D70BA57323D7C4E20023A698 /* Base */,
			);
			name = LaunchScreen.storyboard;
			sourceTree = "<group>";
		};
/* End PBXVariantGroup section */

/* Begin XCBuildConfiguration section */
		D70BA58123D7C4E20023A698 /* Debug */ = {
			isa = XCBuildConfiguration;
			buildSettings = {
				ALWAYS_SEARCH_USER_PATHS = NO;
				CLANG_ANALYZER_NONNULL = YES;
				CLANG_ANALYZER_NUMBER_OBJECT_CONVERSION = YES_AGGRESSIVE;
				CLANG_CXX_LANGUAGE_STANDARD = "gnu++14";
				CLANG_CXX_LIBRARY = "libc++";
				CLANG_ENABLE_MODULES = YES;
				CLANG_ENABLE_OBJC_ARC = YES;
				CLANG_ENABLE_OBJC_WEAK = YES;
				CLANG_WARN_BLOCK_CAPTURE_AUTORELEASING = YES;
				CLANG_WARN_BOOL_CONVERSION = YES;
				CLANG_WARN_COMMA = YES;
				CLANG_WARN_CONSTANT_CONVERSION = YES;
				CLANG_WARN_DEPRECATED_OBJC_IMPLEMENTATIONS = YES;
				CLANG_WARN_DIRECT_OBJC_ISA_USAGE = YES_ERROR;
				CLANG_WARN_DOCUMENTATION_COMMENTS = YES;
				CLANG_WARN_EMPTY_BODY = YES;
				CLANG_WARN_ENUM_CONVERSION = YES;
				CLANG_WARN_INFINITE_RECURSION = YES;
				CLANG_WARN_INT_CONVERSION = YES;
				CLANG_WARN_NON_LITERAL_NULL_CONVERSION = YES;
				CLANG_WARN_OBJC_IMPLICIT_RETAIN_SELF = YES;
				CLANG_WARN_OBJC_LITERAL_CONVERSION = YES;
				CLANG_WARN_OBJC_ROOT_CLASS = YES_ERROR;
				CLANG_WARN_RANGE_LOOP_ANALYSIS = YES;
				CLANG_WARN_STRICT_PROTOTYPES = YES;
				CLANG_WARN_SUSPICIOUS_MOVE = YES;
				CLANG_WARN_UNGUARDED_AVAILABILITY = YES_AGGRESSIVE;
				CLANG_WARN_UNREACHABLE_CODE = YES;
				CLANG_WARN__DUPLICATE_METHOD_MATCH = YES;
				COPY_PHASE_STRIP = NO;
				DEBUG_INFORMATION_FORMAT = dwarf;
				ENABLE_STRICT_OBJC_MSGSEND = YES;
				ENABLE_TESTABILITY = YES;
				GCC_C_LANGUAGE_STANDARD = gnu11;
				GCC_DYNAMIC_NO_PIC = NO;
				GCC_NO_COMMON_BLOCKS = YES;
				GCC_OPTIMIZATION_LEVEL = 0;
				GCC_PREPROCESSOR_DEFINITIONS = (
					"DEBUG=1",
					"$(inherited)",
				);
				GCC_WARN_64_TO_32_BIT_CONVERSION = YES;
				GCC_WARN_ABOUT_RETURN_TYPE = YES_ERROR;
				GCC_WARN_UNDECLARED_SELECTOR = YES;
				GCC_WARN_UNINITIALIZED_AUTOS = YES_AGGRESSIVE;
				GCC_WARN_UNUSED_FUNCTION = YES;
				GCC_WARN_UNUSED_VARIABLE = YES;
				IPHONEOS_DEPLOYMENT_TARGET = 13.2;
				MTL_ENABLE_DEBUG_INFO = INCLUDE_SOURCE;
				MTL_FAST_MATH = YES;
				ONLY_ACTIVE_ARCH = YES;
				SDKROOT = iphoneos;
				SWIFT_ACTIVE_COMPILATION_CONDITIONS = DEBUG;
				SWIFT_OPTIMIZATION_LEVEL = "-Onone";
			};
			name = Debug;
		};
		D70BA58223D7C4E20023A698 /* Release */ = {
			isa = XCBuildConfiguration;
			buildSettings = {
				ALWAYS_SEARCH_USER_PATHS = NO;
				CLANG_ANALYZER_NONNULL = YES;
				CLANG_ANALYZER_NUMBER_OBJECT_CONVERSION = YES_AGGRESSIVE;
				CLANG_CXX_LANGUAGE_STANDARD = "gnu++14";
				CLANG_CXX_LIBRARY = "libc++";
				CLANG_ENABLE_MODULES = YES;
				CLANG_ENABLE_OBJC_ARC = YES;
				CLANG_ENABLE_OBJC_WEAK = YES;
				CLANG_WARN_BLOCK_CAPTURE_AUTORELEASING = YES;
				CLANG_WARN_BOOL_CONVERSION = YES;
				CLANG_WARN_COMMA = YES;
				CLANG_WARN_CONSTANT_CONVERSION = YES;
				CLANG_WARN_DEPRECATED_OBJC_IMPLEMENTATIONS = YES;
				CLANG_WARN_DIRECT_OBJC_ISA_USAGE = YES_ERROR;
				CLANG_WARN_DOCUMENTATION_COMMENTS = YES;
				CLANG_WARN_EMPTY_BODY = YES;
				CLANG_WARN_ENUM_CONVERSION = YES;
				CLANG_WARN_INFINITE_RECURSION = YES;
				CLANG_WARN_INT_CONVERSION = YES;
				CLANG_WARN_NON_LITERAL_NULL_CONVERSION = YES;
				CLANG_WARN_OBJC_IMPLICIT_RETAIN_SELF = YES;
				CLANG_WARN_OBJC_LITERAL_CONVERSION = YES;
				CLANG_WARN_OBJC_ROOT_CLASS = YES_ERROR;
				CLANG_WARN_RANGE_LOOP_ANALYSIS = YES;
				CLANG_WARN_STRICT_PROTOTYPES = YES;
				CLANG_WARN_SUSPICIOUS_MOVE = YES;
				CLANG_WARN_UNGUARDED_AVAILABILITY = YES_AGGRESSIVE;
				CLANG_WARN_UNREACHABLE_CODE = YES;
				CLANG_WARN__DUPLICATE_METHOD_MATCH = YES;
				COPY_PHASE_STRIP = NO;
				DEBUG_INFORMATION_FORMAT = "dwarf-with-dsym";
				ENABLE_NS_ASSERTIONS = NO;
				ENABLE_STRICT_OBJC_MSGSEND = YES;
				GCC_C_LANGUAGE_STANDARD = gnu11;
				GCC_NO_COMMON_BLOCKS = YES;
				GCC_WARN_64_TO_32_BIT_CONVERSION = YES;
				GCC_WARN_ABOUT_RETURN_TYPE = YES_ERROR;
				GCC_WARN_UNDECLARED_SELECTOR = YES;
				GCC_WARN_UNINITIALIZED_AUTOS = YES_AGGRESSIVE;
				GCC_WARN_UNUSED_FUNCTION = YES;
				GCC_WARN_UNUSED_VARIABLE = YES;
				IPHONEOS_DEPLOYMENT_TARGET = 13.2;
				MTL_ENABLE_DEBUG_INFO = NO;
				MTL_FAST_MATH = YES;
				SDKROOT = iphoneos;
				SWIFT_COMPILATION_MODE = wholemodule;
				SWIFT_OPTIMIZATION_LEVEL = "-O";
				VALIDATE_PRODUCT = YES;
			};
			name = Release;
		};
		D70BA58423D7C4E20023A698 /* Debug */ = {
			isa = XCBuildConfiguration;
			buildSettings = {
				ASSETCATALOG_COMPILER_APPICON_NAME = AppIcon;
				CODE_SIGN_STYLE = Automatic;
				FRAMEWORK_SEARCH_PATHS = (
					"$(inherited)",
					"$(PROJECT_DIR)/Carthage/Build/iOS",
				);
				INFOPLIST_FILE = Flicks/Info.plist;
				LD_RUNPATH_SEARCH_PATHS = (
					"$(inherited)",
					"@executable_path/Frameworks",
				);
				PRODUCT_BUNDLE_IDENTIFIER = eu.ricardopereira.Flicks;
				PRODUCT_NAME = "$(TARGET_NAME)";
				SWIFT_VERSION = 5.0;
				TARGETED_DEVICE_FAMILY = "1,2";
			};
			name = Debug;
		};
		D70BA58523D7C4E20023A698 /* Release */ = {
			isa = XCBuildConfiguration;
			buildSettings = {
				ASSETCATALOG_COMPILER_APPICON_NAME = AppIcon;
				CODE_SIGN_STYLE = Automatic;
				FRAMEWORK_SEARCH_PATHS = (
					"$(inherited)",
					"$(PROJECT_DIR)/Carthage/Build/iOS",
				);
				INFOPLIST_FILE = Flicks/Info.plist;
				LD_RUNPATH_SEARCH_PATHS = (
					"$(inherited)",
					"@executable_path/Frameworks",
				);
				PRODUCT_BUNDLE_IDENTIFIER = eu.ricardopereira.Flicks;
				PRODUCT_NAME = "$(TARGET_NAME)";
				SWIFT_VERSION = 5.0;
				TARGETED_DEVICE_FAMILY = "1,2";
			};
			name = Release;
		};
		D70BA58723D7C4E20023A698 /* Debug */ = {
			isa = XCBuildConfiguration;
			buildSettings = {
				ALWAYS_EMBED_SWIFT_STANDARD_LIBRARIES = YES;
				BUNDLE_LOADER = "$(TEST_HOST)";
				CODE_SIGN_STYLE = Automatic;
				FRAMEWORK_SEARCH_PATHS = (
					"$(inherited)",
					"$(PROJECT_DIR)/Carthage/Build/iOS",
				);
				INFOPLIST_FILE = FlicksTests/Info.plist;
				IPHONEOS_DEPLOYMENT_TARGET = 13.2;
				LD_RUNPATH_SEARCH_PATHS = (
					"$(inherited)",
					"@executable_path/Frameworks",
					"@loader_path/Frameworks",
				);
				PRODUCT_BUNDLE_IDENTIFIER = eu.ricardopereira.FlicksTests;
				PRODUCT_NAME = "$(TARGET_NAME)";
				SWIFT_VERSION = 5.0;
				TARGETED_DEVICE_FAMILY = "1,2";
				TEST_HOST = "$(BUILT_PRODUCTS_DIR)/Flicks.app/Flicks";
			};
			name = Debug;
		};
		D70BA58823D7C4E20023A698 /* Release */ = {
			isa = XCBuildConfiguration;
			buildSettings = {
				ALWAYS_EMBED_SWIFT_STANDARD_LIBRARIES = YES;
				BUNDLE_LOADER = "$(TEST_HOST)";
				CODE_SIGN_STYLE = Automatic;
				FRAMEWORK_SEARCH_PATHS = (
					"$(inherited)",
					"$(PROJECT_DIR)/Carthage/Build/iOS",
				);
				INFOPLIST_FILE = FlicksTests/Info.plist;
				IPHONEOS_DEPLOYMENT_TARGET = 13.2;
				LD_RUNPATH_SEARCH_PATHS = (
					"$(inherited)",
					"@executable_path/Frameworks",
					"@loader_path/Frameworks",
				);
				PRODUCT_BUNDLE_IDENTIFIER = eu.ricardopereira.FlicksTests;
				PRODUCT_NAME = "$(TARGET_NAME)";
				SWIFT_VERSION = 5.0;
				TARGETED_DEVICE_FAMILY = "1,2";
				TEST_HOST = "$(BUILT_PRODUCTS_DIR)/Flicks.app/Flicks";
			};
			name = Release;
		};
/* End XCBuildConfiguration section */

/* Begin XCConfigurationList section */
		D70BA55F23D7C4DE0023A698 /* Build configuration list for PBXProject "Flicks" */ = {
			isa = XCConfigurationList;
			buildConfigurations = (
				D70BA58123D7C4E20023A698 /* Debug */,
				D70BA58223D7C4E20023A698 /* Release */,
			);
			defaultConfigurationIsVisible = 0;
			defaultConfigurationName = Release;
		};
		D70BA58323D7C4E20023A698 /* Build configuration list for PBXNativeTarget "Flicks" */ = {
			isa = XCConfigurationList;
			buildConfigurations = (
				D70BA58423D7C4E20023A698 /* Debug */,
				D70BA58523D7C4E20023A698 /* Release */,
			);
			defaultConfigurationIsVisible = 0;
			defaultConfigurationName = Release;
		};
		D70BA58623D7C4E20023A698 /* Build configuration list for PBXNativeTarget "FlicksTests" */ = {
			isa = XCConfigurationList;
			buildConfigurations = (
				D70BA58723D7C4E20023A698 /* Debug */,
				D70BA58823D7C4E20023A698 /* Release */,
			);
			defaultConfigurationIsVisible = 0;
			defaultConfigurationName = Release;
		};
/* End XCConfigurationList section */
	};
	rootObject = D70BA55C23D7C4DE0023A698 /* Project object */;
}
